{"filter":false,"title":"Gemfile.lock","tooltip":"/tutorial_app/Gemfile.lock","undoManager":{"mark":-1,"position":-1,"stack":[]},"ace":{"folds":[],"scrolltop":0,"scrollleft":0,"selection":{"start":{"row":0,"column":0},"end":{"row":0,"column":0},"isBackwards":false},"options":{"guessTabSize":true,"useWrapMode":false,"wrapToView":true},"firstLineState":0},"timestamp":1588490728269,"hash":"8bb2ad78a1d3074ac8d8ff906364449b4ac13aeb"}